{
  "version": 4,
  "terraform_version": "1.13.5",
  "serial": 13,
  "lineage": "ad8e27eb-e0ea-4af4-74c4-35cc6be83b9b",
  "outputs": {},
  "resources": [
    {
      "mode": "managed",
      "type": "aws_iam_policy",
      "name": "fargate_exec_policy_v3",
      "provider": "provider[\"registry.terraform.io/hashicorp/aws\"]",
      "instances": [
        {
          "schema_version": 0,
          "attributes": {
            "arn": "arn:aws:iam::356206423360:policy/MISO-Fargate-Exec-Policy-v3",
            "attachment_count": 1,
            "description": "",
            "id": "arn:aws:iam::356206423360:policy/MISO-Fargate-Exec-Policy-v3",
            "name": "MISO-Fargate-Exec-Policy-v3",
            "name_prefix": "",
            "path": "/",
            "policy": "{\"Statement\":[{\"Action\":[\"ecr:*\",\"logs:*\",\"secretsmanager:GetSecretValue\"],\"Effect\":\"Allow\",\"Resource\":\"*\"},{\"Action\":[\"logs:CreateLogStream\",\"logs:PutLogEvents\"],\"Effect\":\"Allow\",\"Resource\":\"arn:aws:logs::356206423360:log-group:/ecs/miso-worker-task:*\"}],\"Version\":\"2012-10-17\"}",
            "policy_id": "ANPAVF34OVVANCOYDJ6W4",
            "tags": {},
            "tags_all": {}
          },
          "sensitive_attributes": [],
          "identity_schema_version": 0,
          "private": "bnVsbA=="
        }
      ]
    },
    {
      "mode": "managed",
      "type": "aws_iam_policy",
      "name": "worker_app_policy",
      "provider": "provider[\"registry.terraform.io/hashicorp/aws\"]",
      "instances": [
        {
          "schema_version": 0,
          "attributes": {
            "arn": "arn:aws:iam::356206423360:policy/MISO-Worker-App-Policy",
            "attachment_count": 1,
            "description": "",
            "id": "arn:aws:iam::356206423360:policy/MISO-Worker-App-Policy",
            "name": "MISO-Worker-App-Policy",
            "name_prefix": "",
            "path": "/",
            "policy": "{\"Statement\":[{\"Action\":[\"sqs:*\"],\"Effect\":\"Allow\",\"Resource\":\"arn:aws:sqs::356206423360:miso_job_queue\"},{\"Action\":[\"dynamodb:*\"],\"Effect\":\"Allow\",\"Resource\":\"*\"}],\"Version\":\"2012-10-17\"}",
            "policy_id": "ANPAVF34OVVAM7MLXZ7UL",
            "tags": {},
            "tags_all": {}
          },
          "sensitive_attributes": [],
          "identity_schema_version": 0,
          "private": "bnVsbA=="
        }
      ]
    },
    {
      "mode": "managed",
      "type": "aws_iam_role",
      "name": "fargate_exec_role_v2",
      "provider": "provider[\"registry.terraform.io/hashicorp/aws\"]",
      "instances": [
        {
          "schema_version": 0,
          "attributes": {
            "arn": "arn:aws:iam::356206423360:role/miso-fargate-exec-role-v2",
            "assume_role_policy": "{\"Statement\":[{\"Action\":\"sts:AssumeRole\",\"Effect\":\"Allow\",\"Principal\":{\"Service\":\"ecs-tasks.amazonaws.com\"}}],\"Version\":\"2012-10-17\"}",
            "create_date": "2025-11-16T22:45:36Z",
            "description": "",
            "force_detach_policies": false,
            "id": "miso-fargate-exec-role-v2",
            "inline_policy": [],
            "managed_policy_arns": [
              "arn:aws:iam::356206423360:policy/MISO-Fargate-Exec-Policy-v3"
            ],
            "max_session_duration": 3600,
            "name": "miso-fargate-exec-role-v2",
            "name_prefix": "",
            "path": "/",
            "permissions_boundary": "",
            "tags": {},
            "tags_all": {},
            "unique_id": "AROAVF34OVVAKU7C2QC46"
          },
          "sensitive_attributes": [],
          "identity_schema_version": 0,
          "private": "eyJzY2hlbWFfdmVyc2lvbiI6IjAifQ=="
        }
      ]
    },
    {
      "mode": "managed",
      "type": "aws_iam_role",
      "name": "fargate_task_role_v2",
      "provider": "provider[\"registry.terraform.io/hashicorp/aws\"]",
      "instances": [
        {
          "schema_version": 0,
          "attributes": {
            "arn": "arn:aws:iam::356206423360:role/miso-fargate-task-role-v2",
            "assume_role_policy": "{\"Statement\":[{\"Action\":\"sts:AssumeRole\",\"Effect\":\"Allow\",\"Principal\":{\"Service\":\"ecs-tasks.amazonaws.com\"}}],\"Version\":\"2012-10-17\"}",
            "create_date": "2025-11-16T22:45:36Z",
            "description": "",
            "force_detach_policies": false,
            "id": "miso-fargate-task-role-v2",
            "inline_policy": [],
            "managed_policy_arns": [
              "arn:aws:iam::356206423360:policy/MISO-Worker-App-Policy"
            ],
            "max_session_duration": 3600,
            "name": "miso-fargate-task-role-v2",
            "name_prefix": "",
            "path": "/",
            "permissions_boundary": "",
            "tags": {},
            "tags_all": {},
            "unique_id": "AROAVF34OVVAP6J22BCAB"
          },
          "sensitive_attributes": [],
          "identity_schema_version": 0,
          "private": "eyJzY2hlbWFfdmVyc2lvbiI6IjAifQ=="
        }
      ]
    },
    {
      "mode": "managed",
      "type": "aws_iam_role_policy_attachment",
      "name": "attach_v3_policy",
      "provider": "provider[\"registry.terraform.io/hashicorp/aws\"]",
      "instances": [
        {
          "schema_version": 0,
          "attributes": {
            "id": "miso-fargate-exec-role-v2-20251120234610987000000001",
            "policy_arn": "arn:aws:iam::356206423360:policy/MISO-Fargate-Exec-Policy-v3",
            "role": "miso-fargate-exec-role-v2"
          },
          "sensitive_attributes": [],
          "identity_schema_version": 0,
          "private": "bnVsbA==",
          "dependencies": [
            "aws_iam_policy.fargate_exec_policy_v3",
            "aws_iam_role.fargate_exec_role_v2"
          ]
        }
      ]
    },
    {
      "mode": "managed",
      "type": "aws_iam_role_policy_attachment",
      "name": "attach_worker_policy",
      "provider": "provider[\"registry.terraform.io/hashicorp/aws\"]",
      "instances": [
        {
          "schema_version": 0,
          "attributes": {
            "id": "miso-fargate-task-role-v2-20251120234610990700000002",
            "policy_arn": "arn:aws:iam::356206423360:policy/MISO-Worker-App-Policy",
            "role": "miso-fargate-task-role-v2"
          },
          "sensitive_attributes": [],
          "identity_schema_version": 0,
          "private": "bnVsbA==",
          "dependencies": [
            "aws_iam_policy.worker_app_policy",
            "aws_iam_role.fargate_task_role_v2"
          ]
        }
      ]
    }
  ],
  "check_results": null
}
