{
  "version": 4,
  "terraform_version": "1.13.5",
  "serial": 54,
  "lineage": "de428c3b-0876-da2f-d9fb-6370f2c22582",
  "outputs": {},
  "resources": [
    {
      "mode": "data",
      "type": "aws_ecs_cluster",
      "name": "main",
      "provider": "provider[\"registry.terraform.io/hashicorp/aws\"]",
      "instances": [
        {
          "schema_version": 0,
          "attributes": {
            "arn": "arn:aws:ecs:us-east-1:356206423360:cluster/MISO-Cluster-Elastic",
            "cluster_name": "MISO-Cluster-Elastic",
            "id": "arn:aws:ecs:us-east-1:356206423360:cluster/MISO-Cluster-Elastic",
            "pending_tasks_count": 0,
            "registered_container_instances_count": 0,
            "running_tasks_count": 1,
            "service_connect_defaults": [],
            "setting": [
              {
                "name": "containerInsights",
                "value": "disabled"
              }
            ],
            "status": "ACTIVE",
            "tags": {}
          },
          "sensitive_attributes": [],
          "identity_schema_version": 0
        }
      ]
    },
    {
      "mode": "data",
      "type": "aws_lb",
      "name": "main",
      "provider": "provider[\"registry.terraform.io/hashicorp/aws\"]",
      "instances": [
        {
          "schema_version": 0,
          "attributes": {
            "access_logs": [
              {
                "bucket": "",
                "enabled": false,
                "prefix": ""
              }
            ],
            "arn": "arn:aws:elasticloadbalancing:us-east-1:356206423360:loadbalancer/app/miso-alb/cf7935224a7f7298",
            "arn_suffix": "app/miso-alb/cf7935224a7f7298",
            "client_keep_alive": 3600,
            "connection_logs": [
              {
                "bucket": "",
                "enabled": false,
                "prefix": ""
              }
            ],
            "customer_owned_ipv4_pool": "",
            "desync_mitigation_mode": "defensive",
            "dns_name": "miso-alb-345728313.us-east-1.elb.amazonaws.com",
            "dns_record_client_routing_policy": null,
            "drop_invalid_header_fields": false,
            "enable_cross_zone_load_balancing": true,
            "enable_deletion_protection": false,
            "enable_http2": true,
            "enable_tls_version_and_cipher_suite_headers": false,
            "enable_waf_fail_open": false,
            "enable_xff_client_port": false,
            "enable_zonal_shift": false,
            "enforce_security_group_inbound_rules_on_private_link_traffic": "",
            "id": "arn:aws:elasticloadbalancing:us-east-1:356206423360:loadbalancer/app/miso-alb/cf7935224a7f7298",
            "idle_timeout": 60,
            "internal": false,
            "ip_address_type": "ipv4",
            "ipam_pools": [],
            "load_balancer_type": "application",
            "name": "miso-alb",
            "preserve_host_header": false,
            "security_groups": [
              "sg-0fb563f35b8fdfd1f"
            ],
            "subnet_mapping": [
              {
                "allocation_id": "",
                "ipv6_address": "",
                "outpost_id": "",
                "private_ipv4_address": "",
                "subnet_id": "subnet-01df846c12e725654"
              },
              {
                "allocation_id": "",
                "ipv6_address": "",
                "outpost_id": "",
                "private_ipv4_address": "",
                "subnet_id": "subnet-02832ec949ebf1994"
              },
              {
                "allocation_id": "",
                "ipv6_address": "",
                "outpost_id": "",
                "private_ipv4_address": "",
                "subnet_id": "subnet-065eb180fb19e1e36"
              },
              {
                "allocation_id": "",
                "ipv6_address": "",
                "outpost_id": "",
                "private_ipv4_address": "",
                "subnet_id": "subnet-08b99fdefac81424e"
              },
              {
                "allocation_id": "",
                "ipv6_address": "",
                "outpost_id": "",
                "private_ipv4_address": "",
                "subnet_id": "subnet-0d5b8687b028ef1ac"
              },
              {
                "allocation_id": "",
                "ipv6_address": "",
                "outpost_id": "",
                "private_ipv4_address": "",
                "subnet_id": "subnet-0faca65ba8ae5f3e4"
              }
            ],
            "subnets": [
              "subnet-01df846c12e725654",
              "subnet-02832ec949ebf1994",
              "subnet-065eb180fb19e1e36",
              "subnet-08b99fdefac81424e",
              "subnet-0d5b8687b028ef1ac",
              "subnet-0faca65ba8ae5f3e4"
            ],
            "tags": {},
            "timeouts": null,
            "vpc_id": "vpc-0839683a65fa0c5dc",
            "xff_header_processing_mode": "append",
            "zone_id": "Z35SXDOTRQ7X7K"
          },
          "sensitive_attributes": [],
          "identity_schema_version": 0
        }
      ]
    },
    {
      "mode": "data",
      "type": "aws_lb_listener",
      "name": "https",
      "provider": "provider[\"registry.terraform.io/hashicorp/aws\"]",
      "instances": [
        {
          "schema_version": 0,
          "attributes": {
            "alpn_policy": null,
            "arn": "arn:aws:elasticloadbalancing:us-east-1:356206423360:listener/app/miso-alb/cf7935224a7f7298/446d21d49cdaaa25",
            "certificate_arn": "arn:aws:acm:us-east-1:356206423360:certificate/5c725329-2d6b-4004-ae0d-20a535e9f3e9",
            "default_action": [
              {
                "authenticate_cognito": [],
                "authenticate_oidc": [],
                "fixed_response": [],
                "forward": [
                  {
                    "stickiness": [
                      {
                        "duration": 3600,
                        "enabled": false
                      }
                    ],
                    "target_group": [
                      {
                        "arn": "arn:aws:elasticloadbalancing:us-east-1:356206423360:targetgroup/miso-api-targets-iac/1b9452a38cc0e59d",
                        "weight": 1
                      }
                    ]
                  }
                ],
                "order": 1,
                "redirect": [],
                "target_group_arn": "arn:aws:elasticloadbalancing:us-east-1:356206423360:targetgroup/miso-api-targets-iac/1b9452a38cc0e59d",
                "type": "forward"
              }
            ],
            "id": "arn:aws:elasticloadbalancing:us-east-1:356206423360:listener/app/miso-alb/cf7935224a7f7298/446d21d49cdaaa25",
            "load_balancer_arn": "arn:aws:elasticloadbalancing:us-east-1:356206423360:loadbalancer/app/miso-alb/cf7935224a7f7298",
            "mutual_authentication": [
              {
                "advertise_trust_store_ca_names": "",
                "ignore_client_certificate_expiry": false,
                "mode": "off",
                "trust_store_arn": ""
              }
            ],
            "port": 443,
            "protocol": "HTTPS",
            "ssl_policy": "ELBSecurityPolicy-TLS13-1-2-Res-2021-06",
            "tags": {},
            "timeouts": null
          },
          "sensitive_attributes": [],
          "identity_schema_version": 0
        }
      ]
    },
    {
      "mode": "data",
      "type": "aws_security_group",
      "name": "worker_sg",
      "provider": "provider[\"registry.terraform.io/hashicorp/aws\"]",
      "instances": [
        {
          "schema_version": 0,
          "attributes": {
            "arn": "arn:aws:ec2:us-east-1:356206423360:security-group/sg-0f711e77eb87a4d85",
            "description": "Fargate Worker service. No inbound traffic.",
            "filter": null,
            "id": "sg-0f711e77eb87a4d85",
            "name": "miso-worker-sg",
            "tags": {},
            "timeouts": null,
            "vpc_id": "vpc-0839683a65fa0c5dc"
          },
          "sensitive_attributes": [],
          "identity_schema_version": 0
        }
      ]
    },
    {
      "mode": "data",
      "type": "aws_subnets",
      "name": "private",
      "provider": "provider[\"registry.terraform.io/hashicorp/aws\"]",
      "instances": [
        {
          "schema_version": 0,
          "attributes": {
            "filter": [
              {
                "name": "subnet-id",
                "values": [
                  "subnet-029dd1e5b2544816d",
                  "subnet-0a9fa0468b44e7eb4"
                ]
              }
            ],
            "id": "us-east-1",
            "ids": [
              "subnet-0a9fa0468b44e7eb4",
              "subnet-029dd1e5b2544816d"
            ],
            "tags": null,
            "timeouts": null
          },
          "sensitive_attributes": [],
          "identity_schema_version": 0
        }
      ]
    },
    {
      "mode": "data",
      "type": "aws_vpc",
      "name": "main",
      "provider": "provider[\"registry.terraform.io/hashicorp/aws\"]",
      "instances": [
        {
          "schema_version": 0,
          "attributes": {
            "arn": "arn:aws:ec2:us-east-1:356206423360:vpc/vpc-0839683a65fa0c5dc",
            "cidr_block": "172.31.0.0/16",
            "cidr_block_associations": [
              {
                "association_id": "vpc-cidr-assoc-0f6e7068b107242fa",
                "cidr_block": "172.31.0.0/16",
                "state": "associated"
              }
            ],
            "default": true,
            "dhcp_options_id": "dopt-0fe6958a107507bbd",
            "enable_dns_hostnames": true,
            "enable_dns_support": true,
            "enable_network_address_usage_metrics": false,
            "filter": null,
            "id": "vpc-0839683a65fa0c5dc",
            "instance_tenancy": "default",
            "ipv6_association_id": "",
            "ipv6_cidr_block": "",
            "main_route_table_id": "rtb-0f2f58a0e093a5532",
            "owner_id": "356206423360",
            "state": null,
            "tags": {},
            "timeouts": null
          },
          "sensitive_attributes": [],
          "identity_schema_version": 0
        }
      ]
    },
    {
      "mode": "managed",
      "type": "aws_appautoscaling_policy",
      "name": "worker_scaling_policy",
      "provider": "provider[\"registry.terraform.io/hashicorp/aws\"]",
      "instances": [
        {
          "schema_version": 0,
          "attributes": {
            "alarm_arns": [
              "arn:aws:cloudwatch:us-east-1:356206423360:alarm:TargetTracking-service/MISO-Cluster-Elastic/miso-worker-service-iac-AlarmHigh-ea5e90a8-06df-46e7-a02f-5bbdfa22cfc8",
              "arn:aws:cloudwatch:us-east-1:356206423360:alarm:TargetTracking-service/MISO-Cluster-Elastic/miso-worker-service-iac-AlarmLow-f2cb7ec8-951d-49f5-a96f-b5f7f9377efe"
            ],
            "arn": "arn:aws:autoscaling:us-east-1:356206423360:scalingPolicy:c3a28681-7ecb-40c3-8fba-5ac6fd51d988:resource/ecs/service/MISO-Cluster-Elastic/miso-worker-service-iac:policyName/miso-worker-sqs-scaling",
            "id": "miso-worker-sqs-scaling",
            "name": "miso-worker-sqs-scaling",
            "policy_type": "TargetTrackingScaling",
            "resource_id": "service/MISO-Cluster-Elastic/miso-worker-service-iac",
            "scalable_dimension": "ecs:service:DesiredCount",
            "service_namespace": "ecs",
            "step_scaling_policy_configuration": [],
            "target_tracking_scaling_policy_configuration": [
              {
                "customized_metric_specification": [
                  {
                    "dimensions": [
                      {
                        "name": "QueueName",
                        "value": "miso_job_queue"
                      }
                    ],
                    "metric_name": "ApproximateNumberOfMessagesVisible",
                    "metrics": [],
                    "namespace": "AWS/SQS",
                    "statistic": "Average",
                    "unit": ""
                  }
                ],
                "disable_scale_in": false,
                "predefined_metric_specification": [],
                "scale_in_cooldown": 0,
                "scale_out_cooldown": 0,
                "target_value": 3
              }
            ]
          },
          "sensitive_attributes": [],
          "identity_schema_version": 0,
          "private": "bnVsbA==",
          "dependencies": [
            "aws_appautoscaling_target.worker_scaling_target",
            "aws_cloudwatch_log_group.worker_logs",
            "aws_ecs_service.worker_service_iac",
            "aws_ecs_task_definition.worker_placeholder",
            "aws_iam_role.fargate_exec_role_v2",
            "aws_iam_role.fargate_task_role_v2",
            "aws_sqs_queue.job_queue",
            "data.aws_ecs_cluster.main",
            "data.aws_security_group.worker_sg",
            "data.aws_subnets.private"
          ]
        }
      ]
    },
    {
      "mode": "managed",
      "type": "aws_appautoscaling_target",
      "name": "worker_scaling_target",
      "provider": "provider[\"registry.terraform.io/hashicorp/aws\"]",
      "instances": [
        {
          "schema_version": 0,
          "attributes": {
            "arn": "arn:aws:application-autoscaling:us-east-1:356206423360:scalable-target/0ec5c3a286817ecb40c38fba5ac6fd51d988",
            "id": "service/MISO-Cluster-Elastic/miso-worker-service-iac",
            "max_capacity": 10,
            "min_capacity": 1,
            "resource_id": "service/MISO-Cluster-Elastic/miso-worker-service-iac",
            "role_arn": "arn:aws:iam::356206423360:role/aws-service-role/ecs.application-autoscaling.amazonaws.com/AWSServiceRoleForApplicationAutoScaling_ECSService",
            "scalable_dimension": "ecs:service:DesiredCount",
            "service_namespace": "ecs",
            "suspended_state": [
              {
                "dynamic_scaling_in_suspended": false,
                "dynamic_scaling_out_suspended": false,
                "scheduled_scaling_suspended": false
              }
            ],
            "tags": {},
            "tags_all": {}
          },
          "sensitive_attributes": [],
          "identity_schema_version": 0,
          "private": "bnVsbA==",
          "dependencies": [
            "aws_cloudwatch_log_group.worker_logs",
            "aws_ecs_service.worker_service_iac",
            "aws_ecs_task_definition.worker_placeholder",
            "aws_iam_role.fargate_exec_role_v2",
            "aws_iam_role.fargate_task_role_v2",
            "data.aws_ecs_cluster.main",
            "data.aws_security_group.worker_sg",
            "data.aws_subnets.private"
          ]
        }
      ]
    },
    {
      "mode": "managed",
      "type": "aws_cloudwatch_log_group",
      "name": "worker_logs",
      "provider": "provider[\"registry.terraform.io/hashicorp/aws\"]",
      "instances": [
        {
          "schema_version": 0,
          "attributes": {
            "arn": "arn:aws:logs:us-east-1:356206423360:log-group:/ecs/miso-worker-task",
            "id": "/ecs/miso-worker-task",
            "kms_key_id": "",
            "log_group_class": "STANDARD",
            "name": "/ecs/miso-worker-task",
            "name_prefix": "",
            "retention_in_days": 0,
            "skip_destroy": false,
            "tags": {},
            "tags_all": {}
          },
          "sensitive_attributes": [],
          "identity_schema_version": 0,
          "private": "eyJzY2hlbWFfdmVyc2lvbiI6IjAifQ=="
        }
      ]
    },
    {
      "mode": "managed",
      "type": "aws_dynamodb_table",
      "name": "replay_buffer",
      "provider": "provider[\"registry.terraform.io/hashicorp/aws\"]",
      "instances": [
        {
          "schema_version": 1,
          "attributes": {
            "arn": "arn:aws:dynamodb:us-east-1:356206423360:table/miso_replay_buffer",
            "attribute": [
              {
                "name": "intent",
                "type": "S"
              },
              {
                "name": "task_id",
                "type": "S"
              }
            ],
            "billing_mode": "PAY_PER_REQUEST",
            "deletion_protection_enabled": false,
            "global_secondary_index": [
              {
                "hash_key": "intent",
                "name": "IntentIndex",
                "non_key_attributes": [],
                "on_demand_throughput": [],
                "projection_type": "ALL",
                "range_key": "",
                "read_capacity": 0,
                "write_capacity": 0
              }
            ],
            "hash_key": "task_id",
            "id": "miso_replay_buffer",
            "import_table": [],
            "local_secondary_index": [],
            "name": "miso_replay_buffer",
            "on_demand_throughput": [],
            "point_in_time_recovery": [
              {
                "enabled": false,
                "recovery_period_in_days": 0
              }
            ],
            "range_key": null,
            "read_capacity": 0,
            "replica": [],
            "restore_date_time": null,
            "restore_source_name": null,
            "restore_source_table_arn": null,
            "restore_to_latest_time": null,
            "server_side_encryption": [],
            "stream_arn": "",
            "stream_enabled": false,
            "stream_label": "",
            "stream_view_type": "",
            "table_class": "STANDARD",
            "tags": {
              "Name": "MISO Replay Buffer",
              "Role": "Memory"
            },
            "tags_all": {
              "Name": "MISO Replay Buffer",
              "Role": "Memory"
            },
            "timeouts": null,
            "ttl": [
              {
                "attribute_name": "",
                "enabled": false
              }
            ],
            "write_capacity": 0
          },
          "sensitive_attributes": [],
          "identity_schema_version": 0,
          "private": "eyJlMmJmYjczMC1lY2FhLTExZTYtOGY4OC0zNDM2M2JjN2M0YzAiOnsiY3JlYXRlIjoxODAwMDAwMDAwMDAwLCJkZWxldGUiOjYwMDAwMDAwMDAwMCwidXBkYXRlIjozNjAwMDAwMDAwMDAwfSwic2NoZW1hX3ZlcnNpb24iOiIxIn0="
        }
      ]
    },
    {
      "mode": "managed",
      "type": "aws_ecs_service",
      "name": "worker_service_iac",
      "provider": "provider[\"registry.terraform.io/hashicorp/aws\"]",
      "instances": [
        {
          "schema_version": 1,
          "attributes": {
            "alarms": [],
            "availability_zone_rebalancing": "DISABLED",
            "capacity_provider_strategy": [],
            "cluster": "arn:aws:ecs:us-east-1:356206423360:cluster/MISO-Cluster-Elastic",
            "deployment_circuit_breaker": [
              {
                "enable": false,
                "rollback": false
              }
            ],
            "deployment_controller": [
              {
                "type": "ECS"
              }
            ],
            "deployment_maximum_percent": 200,
            "deployment_minimum_healthy_percent": 100,
            "desired_count": 1,
            "enable_ecs_managed_tags": false,
            "enable_execute_command": false,
            "force_delete": null,
            "force_new_deployment": null,
            "health_check_grace_period_seconds": 0,
            "iam_role": "/aws-service-role/ecs.amazonaws.com/AWSServiceRoleForECS",
            "id": "arn:aws:ecs:us-east-1:356206423360:service/MISO-Cluster-Elastic/miso-worker-service-iac",
            "launch_type": "FARGATE",
            "load_balancer": [],
            "name": "miso-worker-service-iac",
            "network_configuration": [
              {
                "assign_public_ip": false,
                "security_groups": [
                  "sg-0f711e77eb87a4d85"
                ],
                "subnets": [
                  "subnet-029dd1e5b2544816d",
                  "subnet-0a9fa0468b44e7eb4"
                ]
              }
            ],
            "ordered_placement_strategy": [],
            "placement_constraints": [],
            "platform_version": "LATEST",
            "propagate_tags": "NONE",
            "scheduling_strategy": "REPLICA",
            "service_connect_configuration": [
              {
                "enabled": false,
                "log_configuration": [],
                "namespace": "",
                "service": []
              }
            ],
            "service_registries": [],
            "tags": {},
            "tags_all": {},
            "task_definition": "arn:aws:ecs:us-east-1:356206423360:task-definition/miso-worker-task:25",
            "timeouts": null,
            "triggers": {},
            "volume_configuration": [],
            "vpc_lattice_configurations": [],
            "wait_for_steady_state": false
          },
          "sensitive_attributes": [],
          "identity_schema_version": 0,
          "private": "eyJlMmJmYjczMC1lY2FhLTExZTYtOGY4OC0zNDM2M2JjN2M0YzAiOnsiY3JlYXRlIjoxMjAwMDAwMDAwMDAwLCJkZWxldGUiOjEyMDAwMDAwMDAwMDAsInVwZGF0ZSI6MTIwMDAwMDAwMDAwMH0sInNjaGVtYV92ZXJzaW9uIjoiMSJ9",
          "dependencies": [
            "aws_cloudwatch_log_group.worker_logs",
            "aws_ecs_task_definition.worker_placeholder",
            "aws_iam_role.fargate_exec_role_v2",
            "aws_iam_role.fargate_task_role_v2",
            "data.aws_ecs_cluster.main",
            "data.aws_security_group.worker_sg",
            "data.aws_subnets.private"
          ]
        }
      ]
    },
    {
      "mode": "managed",
      "type": "aws_ecs_task_definition",
      "name": "api_placeholder",
      "provider": "provider[\"registry.terraform.io/hashicorp/aws\"]",
      "instances": [
        {
          "schema_version": 1,
          "attributes": {
            "arn": "arn:aws:ecs:us-east-1:356206423360:task-definition/miso-api-task:13",
            "arn_without_revision": "arn:aws:ecs:us-east-1:356206423360:task-definition/miso-api-task",
            "container_definitions": "[{\"environment\":[],\"essential\":true,\"image\":\"356206423360.dkr.ecr.us-east-1.amazonaws.com/miso-api:latest\",\"logConfiguration\":{\"logDriver\":\"awslogs\",\"options\":{\"awslogs-group\":\"/ecs/miso-worker-task\",\"awslogs-region\":\"us-east-1\",\"awslogs-stream-prefix\":\"api\"}},\"mountPoints\":[],\"name\":\"miso-api\",\"portMappings\":[{\"containerPort\":80,\"hostPort\":80,\"protocol\":\"tcp\"}],\"systemControls\":[],\"volumesFrom\":[]}]",
            "cpu": "256",
            "enable_fault_injection": false,
            "ephemeral_storage": [],
            "execution_role_arn": "arn:aws:iam::356206423360:role/miso-fargate-exec-role-v2",
            "family": "miso-api-task",
            "id": "miso-api-task",
            "inference_accelerator": [],
            "ipc_mode": "",
            "memory": "512",
            "network_mode": "awsvpc",
            "pid_mode": "",
            "placement_constraints": [],
            "proxy_configuration": [],
            "requires_compatibilities": [
              "FARGATE"
            ],
            "revision": 13,
            "runtime_platform": [],
            "skip_destroy": false,
            "tags": {},
            "tags_all": {},
            "task_role_arn": "arn:aws:iam::356206423360:role/miso-fargate-task-role-v2",
            "track_latest": false,
            "volume": []
          },
          "sensitive_attributes": [],
          "identity_schema_version": 0,
          "private": "eyJzY2hlbWFfdmVyc2lvbiI6IjEifQ==",
          "dependencies": [
            "aws_cloudwatch_log_group.worker_logs",
            "aws_iam_role.fargate_exec_role_v2",
            "aws_iam_role.fargate_task_role_v2"
          ]
        }
      ]
    },
    {
      "mode": "managed",
      "type": "aws_ecs_task_definition",
      "name": "worker_placeholder",
      "provider": "provider[\"registry.terraform.io/hashicorp/aws\"]",
      "instances": [
        {
          "schema_version": 1,
          "attributes": {
            "arn": "arn:aws:ecs:us-east-1:356206423360:task-definition/miso-worker-task:25",
            "arn_without_revision": "arn:aws:ecs:us-east-1:356206423360:task-definition/miso-worker-task",
            "container_definitions": "[{\"environment\":[{\"name\":\"MISO_SQS_QUEUE_URL\",\"value\":\"https://queue.amazonaws.com/356206423360/miso_job_queue\"},{\"name\":\"SQS_QUEUE_URL\",\"value\":\"https://queue.amazonaws.com/356206423360/miso_job_queue\"}],\"essential\":true,\"image\":\"356206423360.dkr.ecr.us-east-1.amazonaws.com/miso-worker:latest\",\"logConfiguration\":{\"logDriver\":\"awslogs\",\"options\":{\"awslogs-group\":\"/ecs/miso-worker-task\",\"awslogs-region\":\"us-east-1\",\"awslogs-stream-prefix\":\"ecs\"}},\"mountPoints\":[],\"name\":\"miso-worker\",\"portMappings\":[],\"secrets\":[{\"name\":\"GEMINI_API_KEY\",\"valueFrom\":\"arn:aws:secretsmanager:us-east-1:356206423360:secret:miso/gemini_api_key-sJkRuG\"}],\"systemControls\":[],\"volumesFrom\":[]}]",
            "cpu": "256",
            "enable_fault_injection": false,
            "ephemeral_storage": [],
            "execution_role_arn": "arn:aws:iam::356206423360:role/miso-fargate-exec-role-v2",
            "family": "miso-worker-task",
            "id": "miso-worker-task",
            "inference_accelerator": [],
            "ipc_mode": "",
            "memory": "512",
            "network_mode": "awsvpc",
            "pid_mode": "",
            "placement_constraints": [],
            "proxy_configuration": [],
            "requires_compatibilities": [
              "FARGATE"
            ],
            "revision": 25,
            "runtime_platform": [],
            "skip_destroy": false,
            "tags": {},
            "tags_all": {},
            "task_role_arn": "arn:aws:iam::356206423360:role/miso-fargate-task-role-v2",
            "track_latest": false,
            "volume": []
          },
          "sensitive_attributes": [],
          "identity_schema_version": 0,
          "private": "eyJzY2hlbWFfdmVyc2lvbiI6IjEifQ==",
          "dependencies": [
            "aws_cloudwatch_log_group.worker_logs",
            "aws_iam_role.fargate_exec_role_v2",
            "aws_iam_role.fargate_task_role_v2"
          ]
        }
      ]
    },
    {
      "mode": "managed",
      "type": "aws_iam_policy",
      "name": "fargate_exec_policy_v3",
      "provider": "provider[\"registry.terraform.io/hashicorp/aws\"]",
      "instances": [
        {
          "schema_version": 0,
          "attributes": {
            "arn": "arn:aws:iam::356206423360:policy/MISO-Fargate-Exec-Policy-v3",
            "attachment_count": 1,
            "description": "",
            "id": "arn:aws:iam::356206423360:policy/MISO-Fargate-Exec-Policy-v3",
            "name": "MISO-Fargate-Exec-Policy-v3",
            "name_prefix": "",
            "path": "/",
            "policy": "{\"Statement\":[{\"Action\":[\"ecr:*\",\"logs:*\",\"secretsmanager:GetSecretValue\"],\"Effect\":\"Allow\",\"Resource\":\"*\"}],\"Version\":\"2012-10-17\"}",
            "policy_id": "ANPAVF34OVVANCOYDJ6W4",
            "tags": {},
            "tags_all": {}
          },
          "sensitive_attributes": [],
          "identity_schema_version": 0,
          "private": "bnVsbA=="
        }
      ]
    },
    {
      "mode": "managed",
      "type": "aws_iam_policy",
      "name": "worker_app_policy",
      "provider": "provider[\"registry.terraform.io/hashicorp/aws\"]",
      "instances": [
        {
          "schema_version": 0,
          "attributes": {
            "arn": "arn:aws:iam::356206423360:policy/MISO-Worker-App-Policy",
            "attachment_count": 1,
            "description": "",
            "id": "arn:aws:iam::356206423360:policy/MISO-Worker-App-Policy",
            "name": "MISO-Worker-App-Policy",
            "name_prefix": "",
            "path": "/",
            "policy": "{\"Statement\":[{\"Action\":[\"sqs:*\"],\"Effect\":\"Allow\",\"Resource\":\"arn:aws:sqs:us-east-1:356206423360:miso_job_queue\"},{\"Action\":[\"dynamodb:*\"],\"Effect\":\"Allow\",\"Resource\":\"*\"}],\"Version\":\"2012-10-17\"}",
            "policy_id": "ANPAVF34OVVAM7MLXZ7UL",
            "tags": {},
            "tags_all": {}
          },
          "sensitive_attributes": [],
          "identity_schema_version": 0,
          "private": "bnVsbA=="
        }
      ]
    },
    {
      "mode": "managed",
      "type": "aws_iam_role",
      "name": "fargate_exec_role_v2",
      "provider": "provider[\"registry.terraform.io/hashicorp/aws\"]",
      "instances": [
        {
          "schema_version": 0,
          "attributes": {
            "arn": "arn:aws:iam::356206423360:role/miso-fargate-exec-role-v2",
            "assume_role_policy": "{\"Statement\":[{\"Action\":\"sts:AssumeRole\",\"Effect\":\"Allow\",\"Principal\":{\"Service\":\"ecs-tasks.amazonaws.com\"}}],\"Version\":\"2012-10-17\"}",
            "create_date": "2025-11-16T22:45:36Z",
            "description": "",
            "force_detach_policies": false,
            "id": "miso-fargate-exec-role-v2",
            "inline_policy": [],
            "managed_policy_arns": [
              "arn:aws:iam::356206423360:policy/MISO-Fargate-Exec-Policy-v3"
            ],
            "max_session_duration": 3600,
            "name": "miso-fargate-exec-role-v2",
            "name_prefix": "",
            "path": "/",
            "permissions_boundary": "",
            "tags": {},
            "tags_all": {},
            "unique_id": "AROAVF34OVVAKU7C2QC46"
          },
          "sensitive_attributes": [],
          "identity_schema_version": 0,
          "private": "bnVsbA=="
        }
      ]
    },
    {
      "mode": "managed",
      "type": "aws_iam_role",
      "name": "fargate_task_role_v2",
      "provider": "provider[\"registry.terraform.io/hashicorp/aws\"]",
      "instances": [
        {
          "schema_version": 0,
          "attributes": {
            "arn": "arn:aws:iam::356206423360:role/miso-fargate-task-role-v2",
            "assume_role_policy": "{\"Statement\":[{\"Action\":\"sts:AssumeRole\",\"Effect\":\"Allow\",\"Principal\":{\"Service\":\"ecs-tasks.amazonaws.com\"}}],\"Version\":\"2012-10-17\"}",
            "create_date": "2025-11-16T22:45:36Z",
            "description": "",
            "force_detach_policies": false,
            "id": "miso-fargate-task-role-v2",
            "inline_policy": [],
            "managed_policy_arns": [
              "arn:aws:iam::356206423360:policy/MISO-Worker-App-Policy"
            ],
            "max_session_duration": 3600,
            "name": "miso-fargate-task-role-v2",
            "name_prefix": "",
            "path": "/",
            "permissions_boundary": "",
            "tags": {},
            "tags_all": {},
            "unique_id": "AROAVF34OVVAP6J22BCAB"
          },
          "sensitive_attributes": [],
          "identity_schema_version": 0,
          "private": "bnVsbA=="
        }
      ]
    },
    {
      "mode": "managed",
      "type": "aws_iam_role_policy_attachment",
      "name": "attach_v3_policy",
      "provider": "provider[\"registry.terraform.io/hashicorp/aws\"]",
      "instances": [
        {
          "schema_version": 0,
          "attributes": {
            "id": "miso-fargate-exec-role-v2-20251118020236410300000002",
            "policy_arn": "arn:aws:iam::356206423360:policy/MISO-Fargate-Exec-Policy-v3",
            "role": "miso-fargate-exec-role-v2"
          },
          "sensitive_attributes": [],
          "identity_schema_version": 0,
          "private": "bnVsbA==",
          "dependencies": [
            "aws_iam_policy.fargate_exec_policy_v3",
            "aws_iam_role.fargate_exec_role_v2"
          ]
        }
      ]
    },
    {
      "mode": "managed",
      "type": "aws_iam_role_policy_attachment",
      "name": "attach_worker_policy",
      "provider": "provider[\"registry.terraform.io/hashicorp/aws\"]",
      "instances": [
        {
          "schema_version": 0,
          "attributes": {
            "id": "miso-fargate-task-role-v2-20251118020236270600000001",
            "policy_arn": "arn:aws:iam::356206423360:policy/MISO-Worker-App-Policy",
            "role": "miso-fargate-task-role-v2"
          },
          "sensitive_attributes": [],
          "identity_schema_version": 0,
          "private": "bnVsbA==",
          "dependencies": [
            "aws_iam_policy.worker_app_policy",
            "aws_iam_role.fargate_task_role_v2"
          ]
        }
      ]
    },
    {
      "mode": "managed",
      "type": "aws_lb_target_group",
      "name": "api_targets",
      "provider": "provider[\"registry.terraform.io/hashicorp/aws\"]",
      "instances": [
        {
          "status": "tainted",
          "schema_version": 0,
          "attributes": {
            "arn": "arn:aws:elasticloadbalancing:us-east-1:356206423360:targetgroup/miso-api-targets-iac/1b9452a38cc0e59d",
            "arn_suffix": "targetgroup/miso-api-targets-iac/1b9452a38cc0e59d",
            "connection_termination": null,
            "deregistration_delay": "300",
            "health_check": [
              {
                "enabled": true,
                "healthy_threshold": 2,
                "interval": 30,
                "matcher": "200",
                "path": "/health",
                "port": "traffic-port",
                "protocol": "HTTP",
                "timeout": 5,
                "unhealthy_threshold": 2
              }
            ],
            "id": "arn:aws:elasticloadbalancing:us-east-1:356206423360:targetgroup/miso-api-targets-iac/1b9452a38cc0e59d",
            "ip_address_type": "ipv4",
            "lambda_multi_value_headers_enabled": false,
            "load_balancer_arns": [
              "arn:aws:elasticloadbalancing:us-east-1:356206423360:loadbalancer/app/miso-alb/cf7935224a7f7298"
            ],
            "load_balancing_algorithm_type": "round_robin",
            "load_balancing_anomaly_mitigation": "off",
            "load_balancing_cross_zone_enabled": "use_load_balancer_configuration",
            "name": "miso-api-targets-iac",
            "name_prefix": "",
            "port": 80,
            "preserve_client_ip": null,
            "protocol": "HTTP",
            "protocol_version": "HTTP1",
            "proxy_protocol_v2": false,
            "slow_start": 0,
            "stickiness": [
              {
                "cookie_duration": 86400,
                "cookie_name": "",
                "enabled": false,
                "type": "lb_cookie"
              }
            ],
            "tags": {},
            "tags_all": {},
            "target_failover": [
              {
                "on_deregistration": null,
                "on_unhealthy": null
              }
            ],
            "target_group_health": [
              {
                "dns_failover": [
                  {
                    "minimum_healthy_targets_count": "1",
                    "minimum_healthy_targets_percentage": "off"
                  }
                ],
                "unhealthy_state_routing": [
                  {
                    "minimum_healthy_targets_count": 1,
                    "minimum_healthy_targets_percentage": "off"
                  }
                ]
              }
            ],
            "target_health_state": [
              {
                "enable_unhealthy_connection_termination": null,
                "unhealthy_draining_interval": null
              }
            ],
            "target_type": "ip",
            "vpc_id": "vpc-0839683a65fa0c5dc"
          },
          "sensitive_attributes": [],
          "identity_schema_version": 0,
          "private": "bnVsbA==",
          "dependencies": [
            "data.aws_vpc.main"
          ]
        }
      ]
    },
    {
      "mode": "managed",
      "type": "aws_sqs_queue",
      "name": "job_queue",
      "provider": "provider[\"registry.terraform.io/hashicorp/aws\"]",
      "instances": [
        {
          "schema_version": 0,
          "attributes": {
            "arn": "arn:aws:sqs:us-east-1:356206423360:miso_job_queue",
            "content_based_deduplication": false,
            "deduplication_scope": "",
            "delay_seconds": 0,
            "fifo_queue": false,
            "fifo_throughput_limit": "",
            "id": "https://queue.amazonaws.com/356206423360/miso_job_queue",
            "kms_data_key_reuse_period_seconds": 300,
            "kms_master_key_id": "",
            "max_message_size": 262144,
            "message_retention_seconds": 345600,
            "name": "miso_job_queue",
            "name_prefix": "",
            "policy": "",
            "receive_wait_time_seconds": 0,
            "redrive_allow_policy": "",
            "redrive_policy": "{\"deadLetterTargetArn\":\"arn:aws:sqs:us-east-1:356206423360:miso-job-queue-dlq\",\"maxReceiveCount\":3}",
            "sqs_managed_sse_enabled": true,
            "tags": {},
            "tags_all": {},
            "timeouts": null,
            "url": "https://queue.amazonaws.com/356206423360/miso_job_queue",
            "visibility_timeout_seconds": 300
          },
          "sensitive_attributes": [],
          "identity_schema_version": 0,
          "private": "eyJlMmJmYjczMC1lY2FhLTExZTYtOGY4OC0zNDM2M2JjN2M0YzAiOnsiY3JlYXRlIjoxODAwMDAwMDAwMDAsImRlbGV0ZSI6MTgwMDAwMDAwMDAwLCJ1cGRhdGUiOjE4MDAwMDAwMDAwMH19"
        }
      ]
    }
  ],
  "check_results": null
}
